// !$*UTF8*$!
{
	archiveVersion = 1;
	classes = {
	};
	objectVersion = 46;
	objects = {

/* Begin PBXBuildFile section */
		52C70FC5C3F6C224224209F1 /* Pods_Shotsgram.framework in Frameworks */ = {isa = PBXBuildFile; fileRef = 14303A17F11DE2712520E2B8 /* Pods_Shotsgram.framework */; };
		9CCEB20D1EA14AD500D42EA4 /* AccessToken.swift in Sources */ = {isa = PBXBuildFile; fileRef = 9CCEB20C1EA14AD500D42EA4 /* AccessToken.swift */; };
		9CCEB20F1EA14BB600D42EA4 /* AuthService.swift in Sources */ = {isa = PBXBuildFile; fileRef = 9CCEB20E1EA14BB600D42EA4 /* AuthService.swift */; };
		9CCEB2111EA152D900D42EA4 /* URLNavigationMap.swift in Sources */ = {isa = PBXBuildFile; fileRef = 9CCEB2101EA152D900D42EA4 /* URLNavigationMap.swift */; };
		9CCEB2171EA1548000D42EA4 /* LoginViewModel.swift in Sources */ = {isa = PBXBuildFile; fileRef = 9CCEB2161EA1548000D42EA4 /* LoginViewModel.swift */; };
		9CCEB2191EA1576300D42EA4 /* LoginViewController.swift in Sources */ = {isa = PBXBuildFile; fileRef = 9CCEB2181EA1576300D42EA4 /* LoginViewController.swift */; };
		9CCEB21B1EA15B1C00D42EA4 /* ShotFeedViewModel.swift in Sources */ = {isa = PBXBuildFile; fileRef = 9CCEB21A1EA15B1C00D42EA4 /* ShotFeedViewModel.swift */; };
		9CCEB21D1EA15BDA00D42EA4 /* ShotFeedViewController.swift in Sources */ = {isa = PBXBuildFile; fileRef = 9CCEB21C1EA15BDA00D42EA4 /* ShotFeedViewController.swift */; };
		9CCEB21F1EA15D5F00D42EA4 /* SplashViewModel.swift in Sources */ = {isa = PBXBuildFile; fileRef = 9CCEB21E1EA15D5F00D42EA4 /* SplashViewModel.swift */; };
		9CCEB2211EA161A600D42EA4 /* SplashViewController.swift in Sources */ = {isa = PBXBuildFile; fileRef = 9CCEB2201EA161A600D42EA4 /* SplashViewController.swift */; };
		9CFB68511EA052BE00C0D9BB /* Assets.xcassets in Resources */ = {isa = PBXBuildFile; fileRef = 9CFB68501EA052BE00C0D9BB /* Assets.xcassets */; };
		9CFB68541EA052BE00C0D9BB /* LaunchScreen.storyboard in Resources */ = {isa = PBXBuildFile; fileRef = 9CFB68521EA052BE00C0D9BB /* LaunchScreen.storyboard */; };
		9CFB685C1EA0543C00C0D9BB /* AppDelegate.swift in Sources */ = {isa = PBXBuildFile; fileRef = 9CFB685B1EA0543C00C0D9BB /* AppDelegate.swift */; };
		9CFB68611EA05A6B00C0D9BB /* ServiceProvider.swift in Sources */ = {isa = PBXBuildFile; fileRef = 9CFB68601EA05A6B00C0D9BB /* ServiceProvider.swift */; };
		9CFB68641EA05AA800C0D9BB /* BaseService.swift in Sources */ = {isa = PBXBuildFile; fileRef = 9CFB68631EA05AA800C0D9BB /* BaseService.swift */; };
		9CFB68671EA05B5800C0D9BB /* ModelType.swift in Sources */ = {isa = PBXBuildFile; fileRef = 9CFB68661EA05B5800C0D9BB /* ModelType.swift */; };
		9CFB686C1EA05D4200C0D9BB /* BaseViewController.swift in Sources */ = {isa = PBXBuildFile; fileRef = 9CFB686B1EA05D4200C0D9BB /* BaseViewController.swift */; };
		9CFB686E1EA05EC700C0D9BB /* BaseCollectionViewCell.swift in Sources */ = {isa = PBXBuildFile; fileRef = 9CFB686D1EA05EC700C0D9BB /* BaseCollectionViewCell.swift */; };
		9CFB68711EA05F7200C0D9BB /* Snap.swift in Sources */ = {isa = PBXBuildFile; fileRef = 9CFB68701EA05F7200C0D9BB /* Snap.swift */; };
		9CFB68731EA05FA100C0D9BB /* String+BoundingRect.swift in Sources */ = {isa = PBXBuildFile; fileRef = 9CFB68721EA05FA100C0D9BB /* String+BoundingRect.swift */; };
		9CFB68751EA05FF600C0D9BB /* UICollectionViewCell+CellWidth.swift in Sources */ = {isa = PBXBuildFile; fileRef = 9CFB68741EA05FF600C0D9BB /* UICollectionViewCell+CellWidth.swift */; };
		9CFB68771EA0602C00C0D9BB /* UIScrollView+ScrollToBottom.swift in Sources */ = {isa = PBXBuildFile; fileRef = 9CFB68761EA0602C00C0D9BB /* UIScrollView+ScrollToBottom.swift */; };
		9CFB687A1EA0608500C0D9BB /* UIViewController+Rx.swift in Sources */ = {isa = PBXBuildFile; fileRef = 9CFB68791EA0608500C0D9BB /* UIViewController+Rx.swift */; };
/* End PBXBuildFile section */

/* Begin PBXFileReference section */
		08C1D24F279717C463081D91 /* Pods-Shotsgram.debug.xcconfig */ = {isa = PBXFileReference; includeInIndex = 1; lastKnownFileType = text.xcconfig; name = "Pods-Shotsgram.debug.xcconfig"; path = "Pods/Target Support Files/Pods-Shotsgram/Pods-Shotsgram.debug.xcconfig"; sourceTree = "<group>"; };
		14303A17F11DE2712520E2B8 /* Pods_Shotsgram.framework */ = {isa = PBXFileReference; explicitFileType = wrapper.framework; includeInIndex = 0; path = Pods_Shotsgram.framework; sourceTree = BUILT_PRODUCTS_DIR; };
		7CFBEC196429B0DC65E7C580 /* Pods-Shotsgram.release.xcconfig */ = {isa = PBXFileReference; includeInIndex = 1; lastKnownFileType = text.xcconfig; name = "Pods-Shotsgram.release.xcconfig"; path = "Pods/Target Support Files/Pods-Shotsgram/Pods-Shotsgram.release.xcconfig"; sourceTree = "<group>"; };
		9CCEB20C1EA14AD500D42EA4 /* AccessToken.swift */ = {isa = PBXFileReference; fileEncoding = 4; lastKnownFileType = sourcecode.swift; name = AccessToken.swift; path = Sources/Model/AccessToken.swift; sourceTree = "<group>"; };
		9CCEB20E1EA14BB600D42EA4 /* AuthService.swift */ = {isa = PBXFileReference; fileEncoding = 4; lastKnownFileType = sourcecode.swift; name = AuthService.swift; path = Sources/Services/AuthService.swift; sourceTree = "<group>"; };
		9CCEB2101EA152D900D42EA4 /* URLNavigationMap.swift */ = {isa = PBXFileReference; fileEncoding = 4; lastKnownFileType = sourcecode.swift; name = URLNavigationMap.swift; path = Sources/Utils/URLNavigationMap.swift; sourceTree = "<group>"; };
		9CCEB2161EA1548000D42EA4 /* LoginViewModel.swift */ = {isa = PBXFileReference; fileEncoding = 4; lastKnownFileType = sourcecode.swift; name = LoginViewModel.swift; path = Sources/ViewModels/LoginViewModel.swift; sourceTree = "<group>"; };
		9CCEB2181EA1576300D42EA4 /* LoginViewController.swift */ = {isa = PBXFileReference; fileEncoding = 4; lastKnownFileType = sourcecode.swift; name = LoginViewController.swift; path = "Sources/iOS Shotsgram/ViewControllers/Login/LoginViewController.swift"; sourceTree = "<group>"; };
		9CCEB21A1EA15B1C00D42EA4 /* ShotFeedViewModel.swift */ = {isa = PBXFileReference; fileEncoding = 4; lastKnownFileType = sourcecode.swift; name = ShotFeedViewModel.swift; path = Sources/ViewModels/ShotFeedViewModel.swift; sourceTree = "<group>"; };
		9CCEB21C1EA15BDA00D42EA4 /* ShotFeedViewController.swift */ = {isa = PBXFileReference; fileEncoding = 4; lastKnownFileType = sourcecode.swift; name = ShotFeedViewController.swift; path = "Sources/iOS Shotsgram/ViewControllers/Shots/ShotFeedViewController.swift"; sourceTree = "<group>"; };
		9CCEB21E1EA15D5F00D42EA4 /* SplashViewModel.swift */ = {isa = PBXFileReference; fileEncoding = 4; lastKnownFileType = sourcecode.swift; name = SplashViewModel.swift; path = Sources/ViewModels/SplashViewModel.swift; sourceTree = "<group>"; };
		9CCEB2201EA161A600D42EA4 /* SplashViewController.swift */ = {isa = PBXFileReference; fileEncoding = 4; lastKnownFileType = sourcecode.swift; name = SplashViewController.swift; path = "Sources/iOS Shotsgram/ViewControllers/Splash/SplashViewController.swift"; sourceTree = "<group>"; };
		9CFB68461EA052BE00C0D9BB /* Shotsgram.app */ = {isa = PBXFileReference; explicitFileType = wrapper.application; includeInIndex = 0; path = Shotsgram.app; sourceTree = BUILT_PRODUCTS_DIR; };
		9CFB68501EA052BE00C0D9BB /* Assets.xcassets */ = {isa = PBXFileReference; lastKnownFileType = folder.assetcatalog; name = Assets.xcassets; path = Resources/Assets.xcassets; sourceTree = "<group>"; };
		9CFB68531EA052BE00C0D9BB /* Base */ = {isa = PBXFileReference; lastKnownFileType = file.storyboard; name = Base; path = Base.lproj/LaunchScreen.storyboard; sourceTree = "<group>"; };
		9CFB68551EA052BE00C0D9BB /* Info.plist */ = {isa = PBXFileReference; lastKnownFileType = text.plist.xml; name = Info.plist; path = Support/Info.plist; sourceTree = "<group>"; };
		9CFB685B1EA0543C00C0D9BB /* AppDelegate.swift */ = {isa = PBXFileReference; fileEncoding = 4; lastKnownFileType = sourcecode.swift; name = AppDelegate.swift; path = "Sources/iOS Shotsgram/AppDelegate.swift"; sourceTree = "<group>"; };
		9CFB68601EA05A6B00C0D9BB /* ServiceProvider.swift */ = {isa = PBXFileReference; fileEncoding = 4; lastKnownFileType = sourcecode.swift; name = ServiceProvider.swift; path = Sources/Services/ServiceProvider.swift; sourceTree = "<group>"; };
		9CFB68631EA05AA800C0D9BB /* BaseService.swift */ = {isa = PBXFileReference; fileEncoding = 4; lastKnownFileType = sourcecode.swift; name = BaseService.swift; path = Sources/Services/BaseService.swift; sourceTree = "<group>"; };
		9CFB68661EA05B5800C0D9BB /* ModelType.swift */ = {isa = PBXFileReference; fileEncoding = 4; lastKnownFileType = sourcecode.swift; name = ModelType.swift; path = Sources/Model/ModelType.swift; sourceTree = "<group>"; };
		9CFB686B1EA05D4200C0D9BB /* BaseViewController.swift */ = {isa = PBXFileReference; fileEncoding = 4; lastKnownFileType = sourcecode.swift; name = BaseViewController.swift; path = "Sources/iOS Shotsgram/ViewControllers/BaseViewController.swift"; sourceTree = "<group>"; };
		9CFB686D1EA05EC700C0D9BB /* BaseCollectionViewCell.swift */ = {isa = PBXFileReference; fileEncoding = 4; lastKnownFileType = sourcecode.swift; name = BaseCollectionViewCell.swift; path = "Sources/iOS Shotsgram/ViewControllers/BaseCollectionViewCell.swift"; sourceTree = "<group>"; };
		9CFB68701EA05F7200C0D9BB /* Snap.swift */ = {isa = PBXFileReference; fileEncoding = 4; lastKnownFileType = sourcecode.swift; name = Snap.swift; path = Sources/Utils/Snap.swift; sourceTree = "<group>"; };
		9CFB68721EA05FA100C0D9BB /* String+BoundingRect.swift */ = {isa = PBXFileReference; fileEncoding = 4; lastKnownFileType = sourcecode.swift; name = "String+BoundingRect.swift"; path = "Sources/Utils/String+BoundingRect.swift"; sourceTree = "<group>"; };
		9CFB68741EA05FF600C0D9BB /* UICollectionViewCell+CellWidth.swift */ = {isa = PBXFileReference; fileEncoding = 4; lastKnownFileType = sourcecode.swift; name = "UICollectionViewCell+CellWidth.swift"; path = "Sources/Utils/UICollectionViewCell+CellWidth.swift"; sourceTree = "<group>"; };
		9CFB68761EA0602C00C0D9BB /* UIScrollView+ScrollToBottom.swift */ = {isa = PBXFileReference; fileEncoding = 4; lastKnownFileType = sourcecode.swift; name = "UIScrollView+ScrollToBottom.swift"; path = "Sources/Utils/UIScrollView+ScrollToBottom.swift"; sourceTree = "<group>"; };
		9CFB68791EA0608500C0D9BB /* UIViewController+Rx.swift */ = {isa = PBXFileReference; fileEncoding = 4; lastKnownFileType = sourcecode.swift; name = "UIViewController+Rx.swift"; path = "Sources/Rx/UIViewController+Rx.swift"; sourceTree = "<group>"; };
/* End PBXFileReference section */

/* Begin PBXFrameworksBuildPhase section */
		9CFB68431EA052BE00C0D9BB /* Frameworks */ = {
			isa = PBXFrameworksBuildPhase;
			buildActionMask = 2147483647;
			files = (
				52C70FC5C3F6C224224209F1 /* Pods_Shotsgram.framework in Frameworks */,
			);
			runOnlyForDeploymentPostprocessing = 0;
		};
/* End PBXFrameworksBuildPhase section */

/* Begin PBXGroup section */
		17D4D5BDE1737177A176560F /* Pods */ = {
			isa = PBXGroup;
			children = (
				08C1D24F279717C463081D91 /* Pods-Shotsgram.debug.xcconfig */,
				7CFBEC196429B0DC65E7C580 /* Pods-Shotsgram.release.xcconfig */,
			);
			name = Pods;
			sourceTree = "<group>";
		};
		9CCEB2121EA153E000D42EA4 /* Login */ = {
			isa = PBXGroup;
			children = (
				9CCEB2181EA1576300D42EA4 /* LoginViewController.swift */,
			);
			name = Login;
			sourceTree = "<group>";
		};
		9CCEB2131EA153EA00D42EA4 /* Shots */ = {
			isa = PBXGroup;
			children = (
				9CCEB21C1EA15BDA00D42EA4 /* ShotFeedViewController.swift */,
			);
			name = Shots;
			sourceTree = "<group>";
		};
		9CCEB2141EA153F800D42EA4 /* Splash */ = {
			isa = PBXGroup;
			children = (
				9CCEB2201EA161A600D42EA4 /* SplashViewController.swift */,
			);
			name = Splash;
			sourceTree = "<group>";
		};
		9CCEB2151EA1543600D42EA4 /* ViewModels */ = {
			isa = PBXGroup;
			children = (
				9CCEB2161EA1548000D42EA4 /* LoginViewModel.swift */,
				9CCEB21A1EA15B1C00D42EA4 /* ShotFeedViewModel.swift */,
				9CCEB21E1EA15D5F00D42EA4 /* SplashViewModel.swift */,
			);
			name = ViewModels;
			sourceTree = "<group>";
		};
		9CFB683D1EA052BE00C0D9BB = {
			isa = PBXGroup;
			children = (
				9CFB68481EA052BE00C0D9BB /* Shotsgram */,
				9CFB68471EA052BE00C0D9BB /* Products */,
				17D4D5BDE1737177A176560F /* Pods */,
				A00E9CF6DFB153BC0679D816 /* Frameworks */,
			);
			sourceTree = "<group>";
		};
		9CFB68471EA052BE00C0D9BB /* Products */ = {
			isa = PBXGroup;
			children = (
				9CFB68461EA052BE00C0D9BB /* Shotsgram.app */,
			);
			name = Products;
			sourceTree = "<group>";
		};
		9CFB68481EA052BE00C0D9BB /* Shotsgram */ = {
			isa = PBXGroup;
			children = (
				9CFB685F1EA0555300C0D9BB /* Sources */,
				9CFB685D1EA0554600C0D9BB /* Resources */,
				9CFB685E1EA0554E00C0D9BB /* Support */,
			);
			path = Shotsgram;
			sourceTree = "<group>";
		};
		9CFB685D1EA0554600C0D9BB /* Resources */ = {
			isa = PBXGroup;
			children = (
				9CFB68501EA052BE00C0D9BB /* Assets.xcassets */,
				9CFB68521EA052BE00C0D9BB /* LaunchScreen.storyboard */,
			);
			name = Resources;
			sourceTree = "<group>";
		};
		9CFB685E1EA0554E00C0D9BB /* Support */ = {
			isa = PBXGroup;
			children = (
				9CFB68551EA052BE00C0D9BB /* Info.plist */,
			);
			name = Support;
			sourceTree = "<group>";
		};
		9CFB685F1EA0555300C0D9BB /* Sources */ = {
			isa = PBXGroup;
			children = (
				9CFB68621EA05A6E00C0D9BB /* Services */,
				9CFB68651EA05B2700C0D9BB /* Model */,
				9CCEB2151EA1543600D42EA4 /* ViewModels */,
				9CFB68681EA05B9B00C0D9BB /* iOS Shotsgram */,
				9CFB68781EA0605600C0D9BB /* Rx */,
				9CFB686F1EA05F4100C0D9BB /* Utils */,
			);
			name = Sources;
			sourceTree = "<group>";
		};
		9CFB68621EA05A6E00C0D9BB /* Services */ = {
			isa = PBXGroup;
			children = (
				9CFB68601EA05A6B00C0D9BB /* ServiceProvider.swift */,
				9CFB68631EA05AA800C0D9BB /* BaseService.swift */,
				9CCEB20E1EA14BB600D42EA4 /* AuthService.swift */,
			);
			name = Services;
			sourceTree = "<group>";
		};
		9CFB68651EA05B2700C0D9BB /* Model */ = {
			isa = PBXGroup;
			children = (
				9CFB68661EA05B5800C0D9BB /* ModelType.swift */,
				9CCEB20C1EA14AD500D42EA4 /* AccessToken.swift */,
			);
			name = Model;
			sourceTree = "<group>";
		};
		9CFB68681EA05B9B00C0D9BB /* iOS Shotsgram */ = {
			isa = PBXGroup;
			children = (
				9CFB685B1EA0543C00C0D9BB /* AppDelegate.swift */,
				9CFB68691EA05C9200C0D9BB /* ViewControllers */,
			);
			name = "iOS Shotsgram";
			sourceTree = "<group>";
		};
		9CFB68691EA05C9200C0D9BB /* ViewControllers */ = {
			isa = PBXGroup;
			children = (
				9CFB686B1EA05D4200C0D9BB /* BaseViewController.swift */,
				9CFB686D1EA05EC700C0D9BB /* BaseCollectionViewCell.swift */,
				9CCEB2121EA153E000D42EA4 /* Login */,
				9CCEB2141EA153F800D42EA4 /* Splash */,
				9CCEB2131EA153EA00D42EA4 /* Shots */,
			);
			name = ViewControllers;
			sourceTree = "<group>";
		};
		9CFB686F1EA05F4100C0D9BB /* Utils */ = {
			isa = PBXGroup;
			children = (
				9CFB68701EA05F7200C0D9BB /* Snap.swift */,
				9CFB68721EA05FA100C0D9BB /* String+BoundingRect.swift */,
				9CFB68741EA05FF600C0D9BB /* UICollectionViewCell+CellWidth.swift */,
				9CFB68761EA0602C00C0D9BB /* UIScrollView+ScrollToBottom.swift */,
				9CCEB2101EA152D900D42EA4 /* URLNavigationMap.swift */,
			);
			name = Utils;
			sourceTree = "<group>";
		};
		9CFB68781EA0605600C0D9BB /* Rx */ = {
			isa = PBXGroup;
			children = (
				9CFB68791EA0608500C0D9BB /* UIViewController+Rx.swift */,
			);
			name = Rx;
			sourceTree = "<group>";
		};
		A00E9CF6DFB153BC0679D816 /* Frameworks */ = {
			isa = PBXGroup;
			children = (
				14303A17F11DE2712520E2B8 /* Pods_Shotsgram.framework */,
			);
			name = Frameworks;
			sourceTree = "<group>";
		};
/* End PBXGroup section */

/* Begin PBXNativeTarget section */
		9CFB68451EA052BE00C0D9BB /* Shotsgram */ = {
			isa = PBXNativeTarget;
			buildConfigurationList = 9CFB68581EA052BE00C0D9BB /* Build configuration list for PBXNativeTarget "Shotsgram" */;
			buildPhases = (
				8ED8EAABC41FB2A21317A17F /* [CP] Check Pods Manifest.lock */,
				9CFB68421EA052BE00C0D9BB /* Sources */,
				9CFB68431EA052BE00C0D9BB /* Frameworks */,
				9CFB68441EA052BE00C0D9BB /* Resources */,
				A8BDF6DB9BA671107FA12E2F /* [CP] Embed Pods Frameworks */,
				F9B93C9F7D60EA805092B31E /* [CP] Copy Pods Resources */,
			);
			buildRules = (
			);
			dependencies = (
			);
			name = Shotsgram;
			productName = Shotsgram;
			productReference = 9CFB68461EA052BE00C0D9BB /* Shotsgram.app */;
			productType = "com.apple.product-type.application";
		};
/* End PBXNativeTarget section */

/* Begin PBXProject section */
		9CFB683E1EA052BE00C0D9BB /* Project object */ = {
			isa = PBXProject;
			attributes = {
				LastSwiftUpdateCheck = 0830;
				LastUpgradeCheck = 0830;
				ORGANIZATIONNAME = DevMountain;
				TargetAttributes = {
					9CFB68451EA052BE00C0D9BB = {
						CreatedOnToolsVersion = 8.3.1;
						DevelopmentTeam = Y9CEQN88G2;
						ProvisioningStyle = Automatic;
					};
				};
			};
			buildConfigurationList = 9CFB68411EA052BE00C0D9BB /* Build configuration list for PBXProject "Shotsgram" */;
			compatibilityVersion = "Xcode 3.2";
			developmentRegion = English;
			hasScannedForEncodings = 0;
			knownRegions = (
				en,
				Base,
			);
			mainGroup = 9CFB683D1EA052BE00C0D9BB;
			productRefGroup = 9CFB68471EA052BE00C0D9BB /* Products */;
			projectDirPath = "";
			projectRoot = "";
			targets = (
				9CFB68451EA052BE00C0D9BB /* Shotsgram */,
			);
		};
/* End PBXProject section */

/* Begin PBXResourcesBuildPhase section */
		9CFB68441EA052BE00C0D9BB /* Resources */ = {
			isa = PBXResourcesBuildPhase;
			buildActionMask = 2147483647;
			files = (
				9CFB68541EA052BE00C0D9BB /* LaunchScreen.storyboard in Resources */,
				9CFB68511EA052BE00C0D9BB /* Assets.xcassets in Resources */,
			);
			runOnlyForDeploymentPostprocessing = 0;
		};
/* End PBXResourcesBuildPhase section */

/* Begin PBXShellScriptBuildPhase section */
		8ED8EAABC41FB2A21317A17F /* [CP] Check Pods Manifest.lock */ = {
			isa = PBXShellScriptBuildPhase;
			buildActionMask = 2147483647;
			files = (
			);
			inputPaths = (
			);
			name = "[CP] Check Pods Manifest.lock";
			outputPaths = (
			);
			runOnlyForDeploymentPostprocessing = 0;
			shellPath = /bin/sh;
			shellScript = "diff \"${PODS_PODFILE_DIR_PATH}/Podfile.lock\" \"${PODS_ROOT}/Manifest.lock\" > /dev/null\nif [ $? != 0 ] ; then\n    # print error to STDERR\n    echo \"error: The sandbox is not in sync with the Podfile.lock. Run 'pod install' or update your CocoaPods installation.\" >&2\n    exit 1\nfi\n";
			showEnvVarsInLog = 0;
		};
		A8BDF6DB9BA671107FA12E2F /* [CP] Embed Pods Frameworks */ = {
			isa = PBXShellScriptBuildPhase;
			buildActionMask = 2147483647;
			files = (
			);
			inputPaths = (
			);
			name = "[CP] Embed Pods Frameworks";
			outputPaths = (
			);
			runOnlyForDeploymentPostprocessing = 0;
			shellPath = /bin/sh;
			shellScript = "\"${SRCROOT}/Pods/Target Support Files/Pods-Shotsgram/Pods-Shotsgram-frameworks.sh\"\n";
			showEnvVarsInLog = 0;
		};
		F9B93C9F7D60EA805092B31E /* [CP] Copy Pods Resources */ = {
			isa = PBXShellScriptBuildPhase;
			buildActionMask = 2147483647;
			files = (
			);
			inputPaths = (
			);
			name = "[CP] Copy Pods Resources";
			outputPaths = (
			);
			runOnlyForDeploymentPostprocessing = 0;
			shellPath = /bin/sh;
			shellScript = "\"${SRCROOT}/Pods/Target Support Files/Pods-Shotsgram/Pods-Shotsgram-resources.sh\"\n";
			showEnvVarsInLog = 0;
		};
/* End PBXShellScriptBuildPhase section */

/* Begin PBXSourcesBuildPhase section */
		9CFB68421EA052BE00C0D9BB /* Sources */ = {
			isa = PBXSourcesBuildPhase;
			buildActionMask = 2147483647;
			files = (
				9CCEB21B1EA15B1C00D42EA4 /* ShotFeedViewModel.swift in Sources */,
				9CCEB21F1EA15D5F00D42EA4 /* SplashViewModel.swift in Sources */,
				9CFB686C1EA05D4200C0D9BB /* BaseViewController.swift in Sources */,
				9CFB68611EA05A6B00C0D9BB /* ServiceProvider.swift in Sources */,
				9CFB68771EA0602C00C0D9BB /* UIScrollView+ScrollToBottom.swift in Sources */,
				9CFB68731EA05FA100C0D9BB /* String+BoundingRect.swift in Sources */,
				9CFB68671EA05B5800C0D9BB /* ModelType.swift in Sources */,
				9CCEB21D1EA15BDA00D42EA4 /* ShotFeedViewController.swift in Sources */,
				9CFB685C1EA0543C00C0D9BB /* AppDelegate.swift in Sources */,
				9CCEB20F1EA14BB600D42EA4 /* AuthService.swift in Sources */,
				9CFB68711EA05F7200C0D9BB /* Snap.swift in Sources */,
				9CCEB2171EA1548000D42EA4 /* LoginViewModel.swift in Sources */,
				9CCEB2111EA152D900D42EA4 /* URLNavigationMap.swift in Sources */,
				9CFB68641EA05AA800C0D9BB /* BaseService.swift in Sources */,
				9CFB68751EA05FF600C0D9BB /* UICollectionViewCell+CellWidth.swift in Sources */,
				9CCEB2191EA1576300D42EA4 /* LoginViewController.swift in Sources */,
				9CFB687A1EA0608500C0D9BB /* UIViewController+Rx.swift in Sources */,
				9CFB686E1EA05EC700C0D9BB /* BaseCollectionViewCell.swift in Sources */,
				9CCEB20D1EA14AD500D42EA4 /* AccessToken.swift in Sources */,
				9CCEB2211EA161A600D42EA4 /* SplashViewController.swift in Sources */,
			);
			runOnlyForDeploymentPostprocessing = 0;
		};
/* End PBXSourcesBuildPhase section */

/* Begin PBXVariantGroup section */
		9CFB68521EA052BE00C0D9BB /* LaunchScreen.storyboard */ = {
			isa = PBXVariantGroup;
			children = (
				9CFB68531EA052BE00C0D9BB /* Base */,
			);
			name = LaunchScreen.storyboard;
			path = Resources;
			sourceTree = "<group>";
		};
/* End PBXVariantGroup section */

/* Begin XCBuildConfiguration section */
		9CFB68561EA052BE00C0D9BB /* Debug */ = {
			isa = XCBuildConfiguration;
			buildSettings = {
				ALWAYS_SEARCH_USER_PATHS = NO;
				CLANG_ANALYZER_NONNULL = YES;
				CLANG_ANALYZER_NUMBER_OBJECT_CONVERSION = YES_AGGRESSIVE;
				CLANG_CXX_LANGUAGE_STANDARD = "gnu++0x";
				CLANG_CXX_LIBRARY = "libc++";
				CLANG_ENABLE_MODULES = YES;
				CLANG_ENABLE_OBJC_ARC = YES;
				CLANG_WARN_BOOL_CONVERSION = YES;
				CLANG_WARN_CONSTANT_CONVERSION = YES;
				CLANG_WARN_DIRECT_OBJC_ISA_USAGE = YES_ERROR;
				CLANG_WARN_DOCUMENTATION_COMMENTS = YES;
				CLANG_WARN_EMPTY_BODY = YES;
				CLANG_WARN_ENUM_CONVERSION = YES;
				CLANG_WARN_INFINITE_RECURSION = YES;
				CLANG_WARN_INT_CONVERSION = YES;
				CLANG_WARN_OBJC_ROOT_CLASS = YES_ERROR;
				CLANG_WARN_SUSPICIOUS_MOVE = YES;
				CLANG_WARN_UNREACHABLE_CODE = YES;
				CLANG_WARN__DUPLICATE_METHOD_MATCH = YES;
				"CODE_SIGN_IDENTITY[sdk=iphoneos*]" = "iPhone Developer";
				COPY_PHASE_STRIP = NO;
				DEBUG_INFORMATION_FORMAT = dwarf;
				ENABLE_STRICT_OBJC_MSGSEND = YES;
				ENABLE_TESTABILITY = YES;
				GCC_C_LANGUAGE_STANDARD = gnu99;
				GCC_DYNAMIC_NO_PIC = NO;
				GCC_NO_COMMON_BLOCKS = YES;
				GCC_OPTIMIZATION_LEVEL = 0;
				GCC_PREPROCESSOR_DEFINITIONS = (
					"DEBUG=1",
					"$(inherited)",
				);
				GCC_WARN_64_TO_32_BIT_CONVERSION = YES;
				GCC_WARN_ABOUT_RETURN_TYPE = YES_ERROR;
				GCC_WARN_UNDECLARED_SELECTOR = YES;
				GCC_WARN_UNINITIALIZED_AUTOS = YES_AGGRESSIVE;
				GCC_WARN_UNUSED_FUNCTION = YES;
				GCC_WARN_UNUSED_VARIABLE = YES;
				IPHONEOS_DEPLOYMENT_TARGET = 10.3;
				MTL_ENABLE_DEBUG_INFO = YES;
				ONLY_ACTIVE_ARCH = YES;
				SDKROOT = iphoneos;
				SWIFT_ACTIVE_COMPILATION_CONDITIONS = DEBUG;
				SWIFT_OPTIMIZATION_LEVEL = "-Onone";
			};
			name = Debug;
		};
		9CFB68571EA052BE00C0D9BB /* Release */ = {
			isa = XCBuildConfiguration;
			buildSettings = {
				ALWAYS_SEARCH_USER_PATHS = NO;
				CLANG_ANALYZER_NONNULL = YES;
				CLANG_ANALYZER_NUMBER_OBJECT_CONVERSION = YES_AGGRESSIVE;
				CLANG_CXX_LANGUAGE_STANDARD = "gnu++0x";
				CLANG_CXX_LIBRARY = "libc++";
				CLANG_ENABLE_MODULES = YES;
				CLANG_ENABLE_OBJC_ARC = YES;
				CLANG_WARN_BOOL_CONVERSION = YES;
				CLANG_WARN_CONSTANT_CONVERSION = YES;
				CLANG_WARN_DIRECT_OBJC_ISA_USAGE = YES_ERROR;
				CLANG_WARN_DOCUMENTATION_COMMENTS = YES;
				CLANG_WARN_EMPTY_BODY = YES;
				CLANG_WARN_ENUM_CONVERSION = YES;
				CLANG_WARN_INFINITE_RECURSION = YES;
				CLANG_WARN_INT_CONVERSION = YES;
				CLANG_WARN_OBJC_ROOT_CLASS = YES_ERROR;
				CLANG_WARN_SUSPICIOUS_MOVE = YES;
				CLANG_WARN_UNREACHABLE_CODE = YES;
				CLANG_WARN__DUPLICATE_METHOD_MATCH = YES;
				"CODE_SIGN_IDENTITY[sdk=iphoneos*]" = "iPhone Developer";
				COPY_PHASE_STRIP = NO;
				DEBUG_INFORMATION_FORMAT = "dwarf-with-dsym";
				ENABLE_NS_ASSERTIONS = NO;
				ENABLE_STRICT_OBJC_MSGSEND = YES;
				GCC_C_LANGUAGE_STANDARD = gnu99;
				GCC_NO_COMMON_BLOCKS = YES;
				GCC_WARN_64_TO_32_BIT_CONVERSION = YES;
				GCC_WARN_ABOUT_RETURN_TYPE = YES_ERROR;
				GCC_WARN_UNDECLARED_SELECTOR = YES;
				GCC_WARN_UNINITIALIZED_AUTOS = YES_AGGRESSIVE;
				GCC_WARN_UNUSED_FUNCTION = YES;
				GCC_WARN_UNUSED_VARIABLE = YES;
				IPHONEOS_DEPLOYMENT_TARGET = 10.3;
				MTL_ENABLE_DEBUG_INFO = NO;
				SDKROOT = iphoneos;
				SWIFT_OPTIMIZATION_LEVEL = "-Owholemodule";
				VALIDATE_PRODUCT = YES;
			};
			name = Release;
		};
		9CFB68591EA052BE00C0D9BB /* Debug */ = {
			isa = XCBuildConfiguration;
			baseConfigurationReference = 08C1D24F279717C463081D91 /* Pods-Shotsgram.debug.xcconfig */;
			buildSettings = {
				ASSETCATALOG_COMPILER_APPICON_NAME = AppIcon;
				DEVELOPMENT_TEAM = Y9CEQN88G2;
				INFOPLIST_FILE = "$(SRCROOT)/Shotsgram/Support/Info.plist";
				LD_RUNPATH_SEARCH_PATHS = "$(inherited) @executable_path/Frameworks";
				PRODUCT_BUNDLE_IDENTIFIER = jed.Shotsgram;
				PRODUCT_NAME = "$(TARGET_NAME)";
				SWIFT_VERSION = 3.0;
			};
			name = Debug;
		};
		9CFB685A1EA052BE00C0D9BB /* Release */ = {
			isa = XCBuildConfiguration;
			baseConfigurationReference = 7CFBEC196429B0DC65E7C580 /* Pods-Shotsgram.release.xcconfig */;
			buildSettings = {
				ASSETCATALOG_COMPILER_APPICON_NAME = AppIcon;
				DEVELOPMENT_TEAM = Y9CEQN88G2;
				INFOPLIST_FILE = "$(SRCROOT)/Shotsgram/Support/Info.plist";
				LD_RUNPATH_SEARCH_PATHS = "$(inherited) @executable_path/Frameworks";
				PRODUCT_BUNDLE_IDENTIFIER = jed.Shotsgram;
				PRODUCT_NAME = "$(TARGET_NAME)";
				SWIFT_VERSION = 3.0;
			};
			name = Release;
		};
/* End XCBuildConfiguration section */

/* Begin XCConfigurationList section */
		9CFB68411EA052BE00C0D9BB /* Build configuration list for PBXProject "Shotsgram" */ = {
			isa = XCConfigurationList;
			buildConfigurations = (
				9CFB68561EA052BE00C0D9BB /* Debug */,
				9CFB68571EA052BE00C0D9BB /* Release */,
			);
			defaultConfigurationIsVisible = 0;
			defaultConfigurationName = Release;
		};
		9CFB68581EA052BE00C0D9BB /* Build configuration list for PBXNativeTarget "Shotsgram" */ = {
			isa = XCConfigurationList;
			buildConfigurations = (
				9CFB68591EA052BE00C0D9BB /* Debug */,
				9CFB685A1EA052BE00C0D9BB /* Release */,
			);
			defaultConfigurationIsVisible = 0;
			defaultConfigurationName = Release;
		};
/* End XCConfigurationList section */
	};
	rootObject = 9CFB683E1EA052BE00C0D9BB /* Project object */;
}
